
Microsoft Visual Studio Solution File, Format Version 12.00
# Visual Studio 15
VisualStudioVersion = 15.0.28307.645
MinimumVisualStudioVersion = 10.0.40219.1
Project("{FAE04EC0-301F-11D3-BF4B-00C04F79EFBC}") = "SportsStore.Domain", "SportsStore.Domain\SportsStore.Domain.csproj", "{F7E856ED-F2A9-4EE1-A945-199A8D46B0A5}"
EndProject
Project("{FAE04EC0-301F-11D3-BF4B-00C04F79EFBC}") = "SportsStore.WebUI", "SportsStore.WebUI\SportsStore.WebUI.csproj", "{5C809769-C8B0-4DA6-8465-EE495ACDEE76}"
	ProjectSection(ProjectDependencies) = postProject
		{F7E856ED-F2A9-4EE1-A945-199A8D46B0A5} = {F7E856ED-F2A9-4EE1-A945-199A8D46B0A5}
	EndProjectSection
EndProject
Project("{9A19103F-16F7-4668-BE54-9A1E7A4F7556}") = "SportsStore.UnitTests", "SportsStore.UnitTests\SportsStore.UnitTests.csproj", "{E31A40C1-B699-4A09-B33D-0D3B8BB1A7D8}"
	ProjectSection(ProjectDependencies) = postProject
		{5C809769-C8B0-4DA6-8465-EE495ACDEE76} = {5C809769-C8B0-4DA6-8465-EE495ACDEE76}
		{F7E856ED-F2A9-4EE1-A945-199A8D46B0A5} = {F7E856ED-F2A9-4EE1-A945-199A8D46B0A5}
	EndProjectSection
EndProject
Global
	GlobalSection(SolutionConfigurationPlatforms) = preSolution
		Debug|Any CPU = Debug|Any CPU
		Release|Any CPU = Release|Any CPU
	EndGlobalSection
	GlobalSection(ProjectConfigurationPlatforms) = postSolution
		{F7E856ED-F2A9-4EE1-A945-199A8D46B0A5}.Debug|Any CPU.ActiveCfg = Debug|Any CPU
		{F7E856ED-F2A9-4EE1-A945-199A8D46B0A5}.Debug|Any CPU.Build.0 = Debug|Any CPU
		{F7E856ED-F2A9-4EE1-A945-199A8D46B0A5}.Release|Any CPU.ActiveCfg = Release|Any CPU
		{F7E856ED-F2A9-4EE1-A945-199A8D46B0A5}.Release|Any CPU.Build.0 = Release|Any CPU
		{5C809769-C8B0-4DA6-8465-EE495ACDEE76}.Debug|Any CPU.ActiveCfg = Debug|Any CPU
		{5C809769-C8B0-4DA6-8465-EE495ACDEE76}.Debug|Any CPU.Build.0 = Debug|Any CPU
		{5C809769-C8B0-4DA6-8465-EE495ACDEE76}.Release|Any CPU.ActiveCfg = Release|Any CPU
		{5C809769-C8B0-4DA6-8465-EE495ACDEE76}.Release|Any CPU.Build.0 = Release|Any CPU
		{E31A40C1-B699-4A09-B33D-0D3B8BB1A7D8}.Debug|Any CPU.ActiveCfg = Debug|Any CPU
		{E31A40C1-B699-4A09-B33D-0D3B8BB1A7D8}.Debug|Any CPU.Build.0 = Debug|Any CPU
		{E31A40C1-B699-4A09-B33D-0D3B8BB1A7D8}.Release|Any CPU.ActiveCfg = Release|Any CPU
		{E31A40C1-B699-4A09-B33D-0D3B8BB1A7D8}.Release|Any CPU.Build.0 = Release|Any CPU
	EndGlobalSection
	GlobalSection(SolutionProperties) = preSolution
		HideSolutionNode = FALSE
	EndGlobalSection
	GlobalSection(ExtensibilityGlobals) = postSolution
		SolutionGuid = {F9F7A76B-CD56-4445-BB61-56D77B74062E}
	EndGlobalSection
EndGlobal
